schema: '2.0'
stages:
  clean:
    cmd: PYTHONPATH=src python src/data/clean_data.py
    deps:
    - path: data/raw/power_tetouan_city_modified.csv
      hash: md5
      md5: b86ef39f691bde959e50ca714aa1bcb5
      size: 4510965
    - path: data/raw/power_tetouan_city_original.csv
      hash: md5
      md5: 52e9bdd1060dfabba16f973f64162f1a
      size: 4196519
    - path: src/data/clean_data.py
      hash: md5
      md5: c1e4ed064931109e7998ded3e99cbcc1
      size: 3510
    outs:
    - path: data/interim/power_tetouan_city_clean.csv
      hash: md5
      md5: c1b8e917258dc778a7460e3247a36bb1
      size: 2793513
  preprocess:
    cmd: PYTHONPATH=src python src/data/preprocess.py
    deps:
    - path: data/interim/power_tetouan_city_clean.csv
      hash: md5
      md5: c1b8e917258dc778a7460e3247a36bb1
      size: 2793513
    - path: src/data/preprocess.py
      hash: md5
      md5: 50b3b9c33005ba49b6919d2eaef4099c
      size: 2055
    outs:
    - path: data/processed/power_tetouan_city_ready.csv
      hash: md5
      md5: a227d42afbcc590b4e949075cde4a5b6
      size: 3
    - path: data/processed/test.csv
      hash: md5
      md5: a227d42afbcc590b4e949075cde4a5b6
      size: 3
    - path: data/processed/train.csv
      hash: md5
      md5: a227d42afbcc590b4e949075cde4a5b6
      size: 3
    - path: data/processed/val.csv
      hash: md5
      md5: a227d42afbcc590b4e949075cde4a5b6
      size: 3
    - path: models/scaler.pkl
      hash: md5
      md5: 7d1e55650014e21b4568ed3e3d1fc531
      size: 4
